
Microsoft Visual Studio Solution File, Format Version 12.00
# Visual Studio 15
VisualStudioVersion = 15.0.27130.2027
MinimumVisualStudioVersion = 10.0.40219.1
Project("{9A19103F-16F7-4668-BE54-9A1E7A4F7556}") = "ConsoleApps", "ConsoleApps\ConsoleApps.csproj", "{4CAFA8C9-4107-4BC1-BBDC-F3472082594B}"
EndProject
Project("{FAE04EC0-301F-11D3-BF4B-00C04F79EFBC}") = "CountingCharacters", "CountingCharacters\CountingCharacters.csproj", "{641FDC24-9B11-4916-9B34-9B18AAF839F4}"
EndProject
Global
	GlobalSection(SolutionConfigurationPlatforms) = preSolution
		Debug|Any CPU = Debug|Any CPU
		Release|Any CPU = Release|Any CPU
	EndGlobalSection
	GlobalSection(ProjectConfigurationPlatforms) = postSolution
		{4CAFA8C9-4107-4BC1-BBDC-F3472082594B}.Debug|Any CPU.ActiveCfg = Debug|Any CPU
		{4CAFA8C9-4107-4BC1-BBDC-F3472082594B}.Debug|Any CPU.Build.0 = Debug|Any CPU
		{4CAFA8C9-4107-4BC1-BBDC-F3472082594B}.Release|Any CPU.ActiveCfg = Release|Any CPU
		{4CAFA8C9-4107-4BC1-BBDC-F3472082594B}.Release|Any CPU.Build.0 = Release|Any CPU
		{641FDC24-9B11-4916-9B34-9B18AAF839F4}.Debug|Any CPU.ActiveCfg = Debug|Any CPU
		{641FDC24-9B11-4916-9B34-9B18AAF839F4}.Debug|Any CPU.Build.0 = Debug|Any CPU
		{641FDC24-9B11-4916-9B34-9B18AAF839F4}.Release|Any CPU.ActiveCfg = Release|Any CPU
		{641FDC24-9B11-4916-9B34-9B18AAF839F4}.Release|Any CPU.Build.0 = Release|Any CPU
	EndGlobalSection
	GlobalSection(SolutionProperties) = preSolution
		HideSolutionNode = FALSE
	EndGlobalSection
	GlobalSection(ExtensibilityGlobals) = postSolution
		SolutionGuid = {A89EE3BE-1070-4D9B-B150-2C386230E438}
	EndGlobalSection
EndGlobal
